
Microsoft Visual Studio Solution File, Format Version 12.00
# Visual Studio Version 17
VisualStudioVersion = 17.7.34202.233
MinimumVisualStudioVersion = 10.0.40219.1
Project("{FAE04EC0-301F-11D3-BF4B-00C04F79EFBC}") = "HavaDurumu", "HavaDurumu\HavaDurumu.csproj", "{342748C8-F65C-44E0-995B-AEA2065980B4}"
EndProject
Global
	GlobalSection(SolutionConfigurationPlatforms) = preSolution
		Debug|Any CPU = Debug|Any CPU
		Release|Any CPU = Release|Any CPU
	EndGlobalSection
	GlobalSection(ProjectConfigurationPlatforms) = postSolution
		{342748C8-F65C-44E0-995B-AEA2065980B4}.Debug|Any CPU.ActiveCfg = Debug|Any CPU
		{342748C8-F65C-44E0-995B-AEA2065980B4}.Debug|Any CPU.Build.0 = Debug|Any CPU
		{342748C8-F65C-44E0-995B-AEA2065980B4}.Release|Any CPU.ActiveCfg = Release|Any CPU
		{342748C8-F65C-44E0-995B-AEA2065980B4}.Release|Any CPU.Build.0 = Release|Any CPU
	EndGlobalSection
	GlobalSection(SolutionProperties) = preSolution
		HideSolutionNode = FALSE
	EndGlobalSection
	GlobalSection(ExtensibilityGlobals) = postSolution
		SolutionGuid = {34F1A187-E6A0-4B44-9F47-FA12A9789F5B}
	EndGlobalSection
EndGlobal
